// !$*UTF8*$!
{
	archiveVersion = 1;
	classes = {
	};
	objectVersion = 46;
	objects = {

/* Begin PBXBuildFile section */
		03B402C01BD7E519003158C5 /* CarDisplayCell.xib in Resources */ = {isa = PBXBuildFile; fileRef = 03B402BF1BD7E519003158C5 /* CarDisplayCell.xib */; };
		03B402C41BD7ECE4003158C5 /* CarTableViewCell.m in Sources */ = {isa = PBXBuildFile; fileRef = 03B402C31BD7ECE4003158C5 /* CarTableViewCell.m */; };
		03B402C71BD94E36003158C5 /* SettingsBundle.bundle in Resources */ = {isa = PBXBuildFile; fileRef = 03B402C61BD94E36003158C5 /* SettingsBundle.bundle */; };
		03C4D7391BD64A5D00BEFC56 /* main.m in Sources */ = {isa = PBXBuildFile; fileRef = 03C4D7381BD64A5D00BEFC56 /* main.m */; };
		03C4D73C1BD64A5D00BEFC56 /* AppDelegate.m in Sources */ = {isa = PBXBuildFile; fileRef = 03C4D73B1BD64A5D00BEFC56 /* AppDelegate.m */; };
		03C4D73F1BD64A5D00BEFC56 /* PersonifyYourCar1_0.xcdatamodeld in Sources */ = {isa = PBXBuildFile; fileRef = 03C4D73D1BD64A5D00BEFC56 /* PersonifyYourCar1_0.xcdatamodeld */; };
		03C4D7451BD64A5D00BEFC56 /* Main.storyboard in Resources */ = {isa = PBXBuildFile; fileRef = 03C4D7431BD64A5D00BEFC56 /* Main.storyboard */; };
		03C4D7471BD64A5D00BEFC56 /* Images.xcassets in Resources */ = {isa = PBXBuildFile; fileRef = 03C4D7461BD64A5D00BEFC56 /* Images.xcassets */; };
		03C4D74A1BD64A5D00BEFC56 /* LaunchScreen.xib in Resources */ = {isa = PBXBuildFile; fileRef = 03C4D7481BD64A5D00BEFC56 /* LaunchScreen.xib */; };
		03C4D7561BD64A5E00BEFC56 /* PersonifyYourCar1_0Tests.m in Sources */ = {isa = PBXBuildFile; fileRef = 03C4D7551BD64A5E00BEFC56 /* PersonifyYourCar1_0Tests.m */; };
		03C4D7621BD64BF600BEFC56 /* AddCarViewController.m in Sources */ = {isa = PBXBuildFile; fileRef = 03C4D7611BD64BF600BEFC56 /* AddCarViewController.m */; };
		03C4D7661BD64E6C00BEFC56 /* CarViewController.m in Sources */ = {isa = PBXBuildFile; fileRef = 03C4D7651BD64E6C00BEFC56 /* CarViewController.m */; };
		03C4D7691BD64ECB00BEFC56 /* AddEntitiesViewController.m in Sources */ = {isa = PBXBuildFile; fileRef = 03C4D7681BD64ECB00BEFC56 /* AddEntitiesViewController.m */; };
		03C4D76D1BD6588800BEFC56 /* WebService.m in Sources */ = {isa = PBXBuildFile; fileRef = 03C4D76C1BD6588800BEFC56 /* WebService.m */; };
		03C4D7711BD688A900BEFC56 /* CoreDataManager.m in Sources */ = {isa = PBXBuildFile; fileRef = 03C4D7701BD688A900BEFC56 /* CoreDataManager.m */; };
/* End PBXBuildFile section */

/* Begin PBXContainerItemProxy section */
		03C4D7501BD64A5E00BEFC56 /* PBXContainerItemProxy */ = {
			isa = PBXContainerItemProxy;
			containerPortal = 03C4D72B1BD64A5D00BEFC56 /* Project object */;
			proxyType = 1;
			remoteGlobalIDString = 03C4D7321BD64A5D00BEFC56;
			remoteInfo = PersonifyYourCar1.0;
		};
/* End PBXContainerItemProxy section */

/* Begin PBXFileReference section */
		03B402BF1BD7E519003158C5 /* CarDisplayCell.xib */ = {isa = PBXFileReference; fileEncoding = 4; lastKnownFileType = file.xib; path = CarDisplayCell.xib; sourceTree = "<group>"; };
		03B402C21BD7ECE4003158C5 /* CarTableViewCell.h */ = {isa = PBXFileReference; fileEncoding = 4; lastKnownFileType = sourcecode.c.h; path = CarTableViewCell.h; sourceTree = "<group>"; };
		03B402C31BD7ECE4003158C5 /* CarTableViewCell.m */ = {isa = PBXFileReference; fileEncoding = 4; lastKnownFileType = sourcecode.c.objc; path = CarTableViewCell.m; sourceTree = "<group>"; };
		03B402C61BD94E36003158C5 /* SettingsBundle.bundle */ = {isa = PBXFileReference; lastKnownFileType = "wrapper.plug-in"; path = SettingsBundle.bundle; sourceTree = "<group>"; };
		03C4D7331BD64A5D00BEFC56 /* PersonifyYourCar1.0.app */ = {isa = PBXFileReference; explicitFileType = wrapper.application; includeInIndex = 0; path = PersonifyYourCar1.0.app; sourceTree = BUILT_PRODUCTS_DIR; };
		03C4D7371BD64A5D00BEFC56 /* Info.plist */ = {isa = PBXFileReference; lastKnownFileType = text.plist.xml; path = Info.plist; sourceTree = "<group>"; };
		03C4D7381BD64A5D00BEFC56 /* main.m */ = {isa = PBXFileReference; lastKnownFileType = sourcecode.c.objc; path = main.m; sourceTree = "<group>"; };
		03C4D73A1BD64A5D00BEFC56 /* AppDelegate.h */ = {isa = PBXFileReference; lastKnownFileType = sourcecode.c.h; path = AppDelegate.h; sourceTree = "<group>"; };
		03C4D73B1BD64A5D00BEFC56 /* AppDelegate.m */ = {isa = PBXFileReference; lastKnownFileType = sourcecode.c.objc; path = AppDelegate.m; sourceTree = "<group>"; };
		03C4D73E1BD64A5D00BEFC56 /* PersonifyYourCar1_0.xcdatamodel */ = {isa = PBXFileReference; lastKnownFileType = wrapper.xcdatamodel; path = PersonifyYourCar1_0.xcdatamodel; sourceTree = "<group>"; };
		03C4D7441BD64A5D00BEFC56 /* Base */ = {isa = PBXFileReference; lastKnownFileType = file.storyboard; name = Base; path = Base.lproj/Main.storyboard; sourceTree = "<group>"; };
		03C4D7461BD64A5D00BEFC56 /* Images.xcassets */ = {isa = PBXFileReference; lastKnownFileType = folder.assetcatalog; path = Images.xcassets; sourceTree = "<group>"; };
		03C4D7491BD64A5D00BEFC56 /* Base */ = {isa = PBXFileReference; lastKnownFileType = file.xib; name = Base; path = Base.lproj/LaunchScreen.xib; sourceTree = "<group>"; };
		03C4D74F1BD64A5E00BEFC56 /* PersonifyYourCar1.0Tests.xctest */ = {isa = PBXFileReference; explicitFileType = wrapper.cfbundle; includeInIndex = 0; path = PersonifyYourCar1.0Tests.xctest; sourceTree = BUILT_PRODUCTS_DIR; };
		03C4D7541BD64A5E00BEFC56 /* Info.plist */ = {isa = PBXFileReference; lastKnownFileType = text.plist.xml; path = Info.plist; sourceTree = "<group>"; };
		03C4D7551BD64A5E00BEFC56 /* PersonifyYourCar1_0Tests.m */ = {isa = PBXFileReference; lastKnownFileType = sourcecode.c.objc; path = PersonifyYourCar1_0Tests.m; sourceTree = "<group>"; };
		03C4D7601BD64BDF00BEFC56 /* AddCarViewController.h */ = {isa = PBXFileReference; fileEncoding = 4; lastKnownFileType = sourcecode.c.h; path = AddCarViewController.h; sourceTree = "<group>"; };
		03C4D7611BD64BF600BEFC56 /* AddCarViewController.m */ = {isa = PBXFileReference; fileEncoding = 4; lastKnownFileType = sourcecode.c.objc; path = AddCarViewController.m; sourceTree = "<group>"; };
		03C4D7641BD64E5400BEFC56 /* CoreDataManager.h */ = {isa = PBXFileReference; fileEncoding = 4; lastKnownFileType = sourcecode.c.h; path = CoreDataManager.h; sourceTree = "<group>"; };
		03C4D7651BD64E6C00BEFC56 /* CarViewController.m */ = {isa = PBXFileReference; fileEncoding = 4; lastKnownFileType = sourcecode.c.objc; path = CarViewController.m; sourceTree = "<group>"; };
		03C4D7671BD64EBA00BEFC56 /* AddEntitiesViewController.h */ = {isa = PBXFileReference; fileEncoding = 4; lastKnownFileType = sourcecode.c.h; path = AddEntitiesViewController.h; sourceTree = "<group>"; };
		03C4D7681BD64ECB00BEFC56 /* AddEntitiesViewController.m */ = {isa = PBXFileReference; fileEncoding = 4; lastKnownFileType = sourcecode.c.objc; path = AddEntitiesViewController.m; sourceTree = "<group>"; };
		03C4D76B1BD6588800BEFC56 /* WebService.h */ = {isa = PBXFileReference; fileEncoding = 4; lastKnownFileType = sourcecode.c.h; path = WebService.h; sourceTree = "<group>"; };
		03C4D76C1BD6588800BEFC56 /* WebService.m */ = {isa = PBXFileReference; fileEncoding = 4; lastKnownFileType = sourcecode.c.objc; path = WebService.m; sourceTree = "<group>"; };
		03C4D76F1BD662EC00BEFC56 /* CarViewController.h */ = {isa = PBXFileReference; fileEncoding = 4; lastKnownFileType = sourcecode.c.h; path = CarViewController.h; sourceTree = "<group>"; };
		03C4D7701BD688A900BEFC56 /* CoreDataManager.m */ = {isa = PBXFileReference; fileEncoding = 4; lastKnownFileType = sourcecode.c.objc; path = CoreDataManager.m; sourceTree = "<group>"; };
/* End PBXFileReference section */

/* Begin PBXFrameworksBuildPhase section */
		03C4D7301BD64A5D00BEFC56 /* Frameworks */ = {
			isa = PBXFrameworksBuildPhase;
			buildActionMask = 2147483647;
			files = (
			);
			runOnlyForDeploymentPostprocessing = 0;
		};
		03C4D74C1BD64A5E00BEFC56 /* Frameworks */ = {
			isa = PBXFrameworksBuildPhase;
			buildActionMask = 2147483647;
			files = (
			);
			runOnlyForDeploymentPostprocessing = 0;
		};
/* End PBXFrameworksBuildPhase section */

/* Begin PBXGroup section */
		03B402C11BD7E53E003158C5 /* Customized Cells */ = {
			isa = PBXGroup;
			children = (
				03B402BF1BD7E519003158C5 /* CarDisplayCell.xib */,
				03B402C21BD7ECE4003158C5 /* CarTableViewCell.h */,
				03B402C31BD7ECE4003158C5 /* CarTableViewCell.m */,
			);
			name = "Customized Cells";
			sourceTree = "<group>";
		};
		03B402C51BD94DFB003158C5 /* Resources */ = {
			isa = PBXGroup;
			children = (
				03B402C61BD94E36003158C5 /* SettingsBundle.bundle */,
			);
			name = Resources;
			sourceTree = "<group>";
		};
		03C4D72A1BD64A5D00BEFC56 = {
			isa = PBXGroup;
			children = (
				03C4D7351BD64A5D00BEFC56 /* PersonifyYourCar1.0 */,
				03C4D7521BD64A5E00BEFC56 /* PersonifyYourCar1.0Tests */,
				03C4D7341BD64A5D00BEFC56 /* Products */,
			);
			sourceTree = "<group>";
		};
		03C4D7341BD64A5D00BEFC56 /* Products */ = {
			isa = PBXGroup;
			children = (
				03C4D7331BD64A5D00BEFC56 /* PersonifyYourCar1.0.app */,
				03C4D74F1BD64A5E00BEFC56 /* PersonifyYourCar1.0Tests.xctest */,
			);
			name = Products;
			sourceTree = "<group>";
		};
		03C4D7351BD64A5D00BEFC56 /* PersonifyYourCar1.0 */ = {
			isa = PBXGroup;
			children = (
				03B402C51BD94DFB003158C5 /* Resources */,
				03B402C11BD7E53E003158C5 /* Customized Cells */,
				03C4D76E1BD65F9800BEFC56 /* Car View */,
				03C4D76A1BD657BC00BEFC56 /* Web Service */,
				03C4D7631BD64E3200BEFC56 /* Core Data */,
				03C4D75F1BD64BA100BEFC56 /* Admin */,
				03C4D73A1BD64A5D00BEFC56 /* AppDelegate.h */,
				03C4D73B1BD64A5D00BEFC56 /* AppDelegate.m */,
				03C4D7431BD64A5D00BEFC56 /* Main.storyboard */,
				03C4D7461BD64A5D00BEFC56 /* Images.xcassets */,
				03C4D7481BD64A5D00BEFC56 /* LaunchScreen.xib */,
				03C4D73D1BD64A5D00BEFC56 /* PersonifyYourCar1_0.xcdatamodeld */,
				03C4D7361BD64A5D00BEFC56 /* Supporting Files */,
			);
			path = PersonifyYourCar1.0;
			sourceTree = "<group>";
		};
		03C4D7361BD64A5D00BEFC56 /* Supporting Files */ = {
			isa = PBXGroup;
			children = (
				03C4D7371BD64A5D00BEFC56 /* Info.plist */,
				03C4D7381BD64A5D00BEFC56 /* main.m */,
			);
			name = "Supporting Files";
			sourceTree = "<group>";
		};
		03C4D7521BD64A5E00BEFC56 /* PersonifyYourCar1.0Tests */ = {
			isa = PBXGroup;
			children = (
				03C4D7551BD64A5E00BEFC56 /* PersonifyYourCar1_0Tests.m */,
				03C4D7531BD64A5E00BEFC56 /* Supporting Files */,
			);
			path = PersonifyYourCar1.0Tests;
			sourceTree = "<group>";
		};
		03C4D7531BD64A5E00BEFC56 /* Supporting Files */ = {
			isa = PBXGroup;
			children = (
				03C4D7541BD64A5E00BEFC56 /* Info.plist */,
			);
			name = "Supporting Files";
			sourceTree = "<group>";
		};
		03C4D75F1BD64BA100BEFC56 /* Admin */ = {
			isa = PBXGroup;
			children = (
				03C4D7681BD64ECB00BEFC56 /* AddEntitiesViewController.m */,
				03C4D7671BD64EBA00BEFC56 /* AddEntitiesViewController.h */,
				03C4D7611BD64BF600BEFC56 /* AddCarViewController.m */,
				03C4D7601BD64BDF00BEFC56 /* AddCarViewController.h */,
			);
			name = Admin;
			sourceTree = "<group>";
		};
		03C4D7631BD64E3200BEFC56 /* Core Data */ = {
			isa = PBXGroup;
			children = (
				03C4D7701BD688A900BEFC56 /* CoreDataManager.m */,
				03C4D7641BD64E5400BEFC56 /* CoreDataManager.h */,
			);
			name = "Core Data";
			sourceTree = "<group>";
		};
		03C4D76A1BD657BC00BEFC56 /* Web Service */ = {
			isa = PBXGroup;
			children = (
				03C4D76B1BD6588800BEFC56 /* WebService.h */,
				03C4D76C1BD6588800BEFC56 /* WebService.m */,
			);
			name = "Web Service";
			sourceTree = "<group>";
		};
		03C4D76E1BD65F9800BEFC56 /* Car View */ = {
			isa = PBXGroup;
			children = (
				03C4D7651BD64E6C00BEFC56 /* CarViewController.m */,
				03C4D76F1BD662EC00BEFC56 /* CarViewController.h */,
			);
			name = "Car View";
			sourceTree = "<group>";
		};
/* End PBXGroup section */

/* Begin PBXNativeTarget section */
		03C4D7321BD64A5D00BEFC56 /* PersonifyYourCar1.0 */ = {
			isa = PBXNativeTarget;
			buildConfigurationList = 03C4D7591BD64A5E00BEFC56 /* Build configuration list for PBXNativeTarget "PersonifyYourCar1.0" */;
			buildPhases = (
				03C4D72F1BD64A5D00BEFC56 /* Sources */,
				03C4D7301BD64A5D00BEFC56 /* Frameworks */,
				03C4D7311BD64A5D00BEFC56 /* Resources */,
			);
			buildRules = (
			);
			dependencies = (
			);
			name = PersonifyYourCar1.0;
			productName = PersonifyYourCar1.0;
			productReference = 03C4D7331BD64A5D00BEFC56 /* PersonifyYourCar1.0.app */;
			productType = "com.apple.product-type.application";
		};
		03C4D74E1BD64A5E00BEFC56 /* PersonifyYourCar1.0Tests */ = {
			isa = PBXNativeTarget;
			buildConfigurationList = 03C4D75C1BD64A5E00BEFC56 /* Build configuration list for PBXNativeTarget "PersonifyYourCar1.0Tests" */;
			buildPhases = (
				03C4D74B1BD64A5E00BEFC56 /* Sources */,
				03C4D74C1BD64A5E00BEFC56 /* Frameworks */,
				03C4D74D1BD64A5E00BEFC56 /* Resources */,
			);
			buildRules = (
			);
			dependencies = (
				03C4D7511BD64A5E00BEFC56 /* PBXTargetDependency */,
			);
			name = PersonifyYourCar1.0Tests;
			productName = PersonifyYourCar1.0Tests;
			productReference = 03C4D74F1BD64A5E00BEFC56 /* PersonifyYourCar1.0Tests.xctest */;
			productType = "com.apple.product-type.bundle.unit-test";
		};
/* End PBXNativeTarget section */

/* Begin PBXProject section */
		03C4D72B1BD64A5D00BEFC56 /* Project object */ = {
			isa = PBXProject;
			attributes = {
				LastUpgradeCheck = 0640;
				ORGANIZATIONNAME = TAE;
				TargetAttributes = {
					03C4D7321BD64A5D00BEFC56 = {
						CreatedOnToolsVersion = 6.4;
					};
					03C4D74E1BD64A5E00BEFC56 = {
						CreatedOnToolsVersion = 6.4;
						TestTargetID = 03C4D7321BD64A5D00BEFC56;
					};
				};
			};
			buildConfigurationList = 03C4D72E1BD64A5D00BEFC56 /* Build configuration list for PBXProject "PersonifyYourCar1.0" */;
			compatibilityVersion = "Xcode 3.2";
			developmentRegion = English;
			hasScannedForEncodings = 0;
			knownRegions = (
				en,
				Base,
			);
			mainGroup = 03C4D72A1BD64A5D00BEFC56;
			productRefGroup = 03C4D7341BD64A5D00BEFC56 /* Products */;
			projectDirPath = "";
			projectRoot = "";
			targets = (
				03C4D7321BD64A5D00BEFC56 /* PersonifyYourCar1.0 */,
				03C4D74E1BD64A5E00BEFC56 /* PersonifyYourCar1.0Tests */,
			);
		};
/* End PBXProject section */

/* Begin PBXResourcesBuildPhase section */
		03C4D7311BD64A5D00BEFC56 /* Resources */ = {
			isa = PBXResourcesBuildPhase;
			buildActionMask = 2147483647;
			files = (
				03C4D7451BD64A5D00BEFC56 /* Main.storyboard in Resources */,
				03C4D74A1BD64A5D00BEFC56 /* LaunchScreen.xib in Resources */,
				03C4D7471BD64A5D00BEFC56 /* Images.xcassets in Resources */,
				03B402C71BD94E36003158C5 /* SettingsBundle.bundle in Resources */,
				03B402C01BD7E519003158C5 /* CarDisplayCell.xib in Resources */,
			);
			runOnlyForDeploymentPostprocessing = 0;
		};
		03C4D74D1BD64A5E00BEFC56 /* Resources */ = {
			isa = PBXResourcesBuildPhase;
			buildActionMask = 2147483647;
			files = (
			);
			runOnlyForDeploymentPostprocessing = 0;
		};
/* End PBXResourcesBuildPhase section */

/* Begin PBXSourcesBuildPhase section */
		03C4D72F1BD64A5D00BEFC56 /* Sources */ = {
			isa = PBXSourcesBuildPhase;
			buildActionMask = 2147483647;
			files = (
				03C4D73C1BD64A5D00BEFC56 /* AppDelegate.m in Sources */,
				03C4D76D1BD6588800BEFC56 /* WebService.m in Sources */,
				03C4D7711BD688A900BEFC56 /* CoreDataManager.m in Sources */,
				03C4D7691BD64ECB00BEFC56 /* AddEntitiesViewController.m in Sources */,
				03C4D7661BD64E6C00BEFC56 /* CarViewController.m in Sources */,
				03C4D73F1BD64A5D00BEFC56 /* PersonifyYourCar1_0.xcdatamodeld in Sources */,
				03C4D7621BD64BF600BEFC56 /* AddCarViewController.m in Sources */,
				03B402C41BD7ECE4003158C5 /* CarTableViewCell.m in Sources */,
				03C4D7391BD64A5D00BEFC56 /* main.m in Sources */,
			);
			runOnlyForDeploymentPostprocessing = 0;
		};
		03C4D74B1BD64A5E00BEFC56 /* Sources */ = {
			isa = PBXSourcesBuildPhase;
			buildActionMask = 2147483647;
			files = (
				03C4D7561BD64A5E00BEFC56 /* PersonifyYourCar1_0Tests.m in Sources */,
			);
			runOnlyForDeploymentPostprocessing = 0;
		};
/* End PBXSourcesBuildPhase section */

/* Begin PBXTargetDependency section */
		03C4D7511BD64A5E00BEFC56 /* PBXTargetDependency */ = {
			isa = PBXTargetDependency;
			target = 03C4D7321BD64A5D00BEFC56 /* PersonifyYourCar1.0 */;
			targetProxy = 03C4D7501BD64A5E00BEFC56 /* PBXContainerItemProxy */;
		};
/* End PBXTargetDependency section */

/* Begin PBXVariantGroup section */
		03C4D7431BD64A5D00BEFC56 /* Main.storyboard */ = {
			isa = PBXVariantGroup;
			children = (
				03C4D7441BD64A5D00BEFC56 /* Base */,
			);
			name = Main.storyboard;
			sourceTree = "<group>";
		};
		03C4D7481BD64A5D00BEFC56 /* LaunchScreen.xib */ = {
			isa = PBXVariantGroup;
			children = (
				03C4D7491BD64A5D00BEFC56 /* Base */,
			);
			name = LaunchScreen.xib;
			sourceTree = "<group>";
		};
/* End PBXVariantGroup section */

/* Begin XCBuildConfiguration section */
		03C4D7571BD64A5E00BEFC56 /* Debug */ = {
			isa = XCBuildConfiguration;
			buildSettings = {
				ALWAYS_SEARCH_USER_PATHS = NO;
				CLANG_CXX_LANGUAGE_STANDARD = "gnu++0x";
				CLANG_CXX_LIBRARY = "libc++";
				CLANG_ENABLE_MODULES = YES;
				CLANG_ENABLE_OBJC_ARC = YES;
				CLANG_WARN_BOOL_CONVERSION = YES;
				CLANG_WARN_CONSTANT_CONVERSION = YES;
				CLANG_WARN_DIRECT_OBJC_ISA_USAGE = YES_ERROR;
				CLANG_WARN_EMPTY_BODY = YES;
				CLANG_WARN_ENUM_CONVERSION = YES;
				CLANG_WARN_INT_CONVERSION = YES;
				CLANG_WARN_OBJC_ROOT_CLASS = YES_ERROR;
				CLANG_WARN_UNREACHABLE_CODE = YES;
				CLANG_WARN__DUPLICATE_METHOD_MATCH = YES;
				"CODE_SIGN_IDENTITY[sdk=iphoneos*]" = "iPhone Developer";
				COPY_PHASE_STRIP = NO;
				DEBUG_INFORMATION_FORMAT = "dwarf-with-dsym";
				ENABLE_STRICT_OBJC_MSGSEND = YES;
				GCC_C_LANGUAGE_STANDARD = gnu99;
				GCC_DYNAMIC_NO_PIC = NO;
				GCC_NO_COMMON_BLOCKS = YES;
				GCC_OPTIMIZATION_LEVEL = 0;
				GCC_PREPROCESSOR_DEFINITIONS = (
					"DEBUG=1",
					"$(inherited)",
				);
				GCC_SYMBOLS_PRIVATE_EXTERN = NO;
				GCC_WARN_64_TO_32_BIT_CONVERSION = YES;
				GCC_WARN_ABOUT_RETURN_TYPE = YES_ERROR;
				GCC_WARN_UNDECLARED_SELECTOR = YES;
				GCC_WARN_UNINITIALIZED_AUTOS = YES_AGGRESSIVE;
				GCC_WARN_UNUSED_FUNCTION = YES;
				GCC_WARN_UNUSED_VARIABLE = YES;
				IPHONEOS_DEPLOYMENT_TARGET = 8.4;
				MTL_ENABLE_DEBUG_INFO = YES;
				ONLY_ACTIVE_ARCH = YES;
				SDKROOT = iphoneos;
			};
			name = Debug;
		};
		03C4D7581BD64A5E00BEFC56 /* Release */ = {
			isa = XCBuildConfiguration;
			buildSettings = {
				ALWAYS_SEARCH_USER_PATHS = NO;
				CLANG_CXX_LANGUAGE_STANDARD = "gnu++0x";
				CLANG_CXX_LIBRARY = "libc++";
				CLANG_ENABLE_MODULES = YES;
				CLANG_ENABLE_OBJC_ARC = YES;
				CLANG_WARN_BOOL_CONVERSION = YES;
				CLANG_WARN_CONSTANT_CONVERSION = YES;
				CLANG_WARN_DIRECT_OBJC_ISA_USAGE = YES_ERROR;
				CLANG_WARN_EMPTY_BODY = YES;
				CLANG_WARN_ENUM_CONVERSION = YES;
				CLANG_WARN_INT_CONVERSION = YES;
				CLANG_WARN_OBJC_ROOT_CLASS = YES_ERROR;
				CLANG_WARN_UNREACHABLE_CODE = YES;
				CLANG_WARN__DUPLICATE_METHOD_MATCH = YES;
				"CODE_SIGN_IDENTITY[sdk=iphoneos*]" = "iPhone Developer";
				COPY_PHASE_STRIP = NO;
				DEBUG_INFORMATION_FORMAT = "dwarf-with-dsym";
				ENABLE_NS_ASSERTIONS = NO;
				ENABLE_STRICT_OBJC_MSGSEND = YES;
				GCC_C_LANGUAGE_STANDARD = gnu99;
				GCC_NO_COMMON_BLOCKS = YES;
				GCC_WARN_64_TO_32_BIT_CONVERSION = YES;
				GCC_WARN_ABOUT_RETURN_TYPE = YES_ERROR;
				GCC_WARN_UNDECLARED_SELECTOR = YES;
				GCC_WARN_UNINITIALIZED_AUTOS = YES_AGGRESSIVE;
				GCC_WARN_UNUSED_FUNCTION = YES;
				GCC_WARN_UNUSED_VARIABLE = YES;
				IPHONEOS_DEPLOYMENT_TARGET = 8.4;
				MTL_ENABLE_DEBUG_INFO = NO;
				SDKROOT = iphoneos;
				VALIDATE_PRODUCT = YES;
			};
			name = Release;
		};
		03C4D75A1BD64A5E00BEFC56 /* Debug */ = {
			isa = XCBuildConfiguration;
			buildSettings = {
				ASSETCATALOG_COMPILER_APPICON_NAME = AppIcon;
				INFOPLIST_FILE = PersonifyYourCar1.0/Info.plist;
				LD_RUNPATH_SEARCH_PATHS = "$(inherited) @executable_path/Frameworks";
				PRODUCT_NAME = "$(TARGET_NAME)";
				TARGETED_DEVICE_FAMILY = "1,2";
			};
			name = Debug;
		};
		03C4D75B1BD64A5E00BEFC56 /* Release */ = {
			isa = XCBuildConfiguration;
			buildSettings = {
				ASSETCATALOG_COMPILER_APPICON_NAME = AppIcon;
				INFOPLIST_FILE = PersonifyYourCar1.0/Info.plist;
				LD_RUNPATH_SEARCH_PATHS = "$(inherited) @executable_path/Frameworks";
				PRODUCT_NAME = "$(TARGET_NAME)";
				TARGETED_DEVICE_FAMILY = "1,2";
			};
			name = Release;
		};
		03C4D75D1BD64A5E00BEFC56 /* Debug */ = {
			isa = XCBuildConfiguration;
			buildSettings = {
				BUNDLE_LOADER = "$(TEST_HOST)";
				FRAMEWORK_SEARCH_PATHS = (
					"$(SDKROOT)/Developer/Library/Frameworks",
					"$(inherited)",
				);
				GCC_PREPROCESSOR_DEFINITIONS = (
					"DEBUG=1",
					"$(inherited)",
				);
				INFOPLIST_FILE = PersonifyYourCar1.0Tests/Info.plist;
				LD_RUNPATH_SEARCH_PATHS = "$(inherited) @executable_path/Frameworks @loader_path/Frameworks";
				PRODUCT_NAME = "$(TARGET_NAME)";
				TEST_HOST = "$(BUILT_PRODUCTS_DIR)/PersonifyYourCar1.0.app/PersonifyYourCar1.0";
			};
			name = Debug;
		};
		03C4D75E1BD64A5E00BEFC56 /* Release */ = {
			isa = XCBuildConfiguration;
			buildSettings = {
				BUNDLE_LOADER = "$(TEST_HOST)";
				FRAMEWORK_SEARCH_PATHS = (
					"$(SDKROOT)/Developer/Library/Frameworks",
					"$(inherited)",
				);
				INFOPLIST_FILE = PersonifyYourCar1.0Tests/Info.plist;
				LD_RUNPATH_SEARCH_PATHS = "$(inherited) @executable_path/Frameworks @loader_path/Frameworks";
				PRODUCT_NAME = "$(TARGET_NAME)";
				TEST_HOST = "$(BUILT_PRODUCTS_DIR)/PersonifyYourCar1.0.app/PersonifyYourCar1.0";
			};
			name = Release;
		};
/* End XCBuildConfiguration section */

/* Begin XCConfigurationList section */
		03C4D72E1BD64A5D00BEFC56 /* Build configuration list for PBXProject "PersonifyYourCar1.0" */ = {
			isa = XCConfigurationList;
			buildConfigurations = (
				03C4D7571BD64A5E00BEFC56 /* Debug */,
				03C4D7581BD64A5E00BEFC56 /* Release */,
			);
			defaultConfigurationIsVisible = 0;
			defaultConfigurationName = Release;
		};
		03C4D7591BD64A5E00BEFC56 /* Build configuration list for PBXNativeTarget "PersonifyYourCar1.0" */ = {
			isa = XCConfigurationList;
			buildConfigurations = (
				03C4D75A1BD64A5E00BEFC56 /* Debug */,
				03C4D75B1BD64A5E00BEFC56 /* Release */,
			);
			defaultConfigurationIsVisible = 0;
			defaultConfigurationName = Release;
		};
		03C4D75C1BD64A5E00BEFC56 /* Build configuration list for PBXNativeTarget "PersonifyYourCar1.0Tests" */ = {
			isa = XCConfigurationList;
			buildConfigurations = (
				03C4D75D1BD64A5E00BEFC56 /* Debug */,
				03C4D75E1BD64A5E00BEFC56 /* Release */,
			);
			defaultConfigurationIsVisible = 0;
			defaultConfigurationName = Release;
		};
/* End XCConfigurationList section */

/* Begin XCVersionGroup section */
		03C4D73D1BD64A5D00BEFC56 /* PersonifyYourCar1_0.xcdatamodeld */ = {
			isa = XCVersionGroup;
			children = (
				03C4D73E1BD64A5D00BEFC56 /* PersonifyYourCar1_0.xcdatamodel */,
			);
			currentVersion = 03C4D73E1BD64A5D00BEFC56 /* PersonifyYourCar1_0.xcdatamodel */;
			path = PersonifyYourCar1_0.xcdatamodeld;
			sourceTree = "<group>";
			versionGroupType = wrapper.xcdatamodel;
		};
/* End XCVersionGroup section */
	};
	rootObject = 03C4D72B1BD64A5D00BEFC56 /* Project object */;
}
